Microsoft Visual Studio Solution File, Format Version 12.00
# Visual Studio Version 17
VisualStudioVersion = 17.5.2.0
MinimumVisualStudioVersion = 10.0.40219.1
Project("{FAE04EC0-301F-11D3-BF4B-00C04F79EFBC}") = "echte filelo", "echte filelo.csproj", "{0F868D10-5374-F82E-B410-EAEF32E7B28A}"
EndProject
Global
	GlobalSection(SolutionConfigurationPlatforms) = preSolution
		Debug|Any CPU = Debug|Any CPU
		Release|Any CPU = Release|Any CPU
	EndGlobalSection
	GlobalSection(ProjectConfigurationPlatforms) = postSolution
		{0F868D10-5374-F82E-B410-EAEF32E7B28A}.Debug|Any CPU.ActiveCfg = Debug|Any CPU
		{0F868D10-5374-F82E-B410-EAEF32E7B28A}.Debug|Any CPU.Build.0 = Debug|Any CPU
		{0F868D10-5374-F82E-B410-EAEF32E7B28A}.Release|Any CPU.ActiveCfg = Release|Any CPU
		{0F868D10-5374-F82E-B410-EAEF32E7B28A}.Release|Any CPU.Build.0 = Release|Any CPU
	EndGlobalSection
	GlobalSection(SolutionProperties) = preSolution
		HideSolutionNode = FALSE
	EndGlobalSection
	GlobalSection(ExtensibilityGlobals) = postSolution
		SolutionGuid = {3875889C-2022-48F4-B736-F7AD9A79919E}
	EndGlobalSection
EndGlobal
